
Microsoft Visual Studio Solution File, Format Version 12.00
# Visual Studio Version 17
VisualStudioVersion = 17.14.36603.0 d17.14
MinimumVisualStudioVersion = 10.0.40219.1
Project("{FAE04EC0-301F-11D3-BF4B-00C04F79EFBC}") = "FlyweightEmojiApp.Web", "FlyweightEmojiApp.Web\FlyweightEmojiApp.Web.csproj", "{214930D2-8A01-4C53-A400-853B1F649206}"
EndProject
Global
	GlobalSection(SolutionConfigurationPlatforms) = preSolution
		Debug|Any CPU = Debug|Any CPU
		Release|Any CPU = Release|Any CPU
	EndGlobalSection
	GlobalSection(ProjectConfigurationPlatforms) = postSolution
		{214930D2-8A01-4C53-A400-853B1F649206}.Debug|Any CPU.ActiveCfg = Debug|Any CPU
		{214930D2-8A01-4C53-A400-853B1F649206}.Debug|Any CPU.Build.0 = Debug|Any CPU
		{214930D2-8A01-4C53-A400-853B1F649206}.Release|Any CPU.ActiveCfg = Release|Any CPU
		{214930D2-8A01-4C53-A400-853B1F649206}.Release|Any CPU.Build.0 = Release|Any CPU
	EndGlobalSection
	GlobalSection(SolutionProperties) = preSolution
		HideSolutionNode = FALSE
	EndGlobalSection
	GlobalSection(ExtensibilityGlobals) = postSolution
		SolutionGuid = {82577991-B292-4CDF-9605-420D29905982}
	EndGlobalSection
EndGlobal
